// !$*UTF8*$!
{
	archiveVersion = 1;
	classes = {
	};
	objectVersion = 50;
	objects = {

/* Begin PBXBuildFile section */
		4D43C8F126142C3600D2AF71 /* Launch Screen.storyboard in Resources */ = {isa = PBXBuildFile; fileRef = 4D43C8F026142C3600D2AF71 /* Launch Screen.storyboard */; };
		4D6E11BA2623B53B0023AC87 /* SwatchPicker.swift in Sources */ = {isa = PBXBuildFile; fileRef = 4D6E11B92623B53B0023AC87 /* SwatchPicker.swift */; };
		4D872D1A261BCD4A0005FB5B /* VirtualObject.swift in Sources */ = {isa = PBXBuildFile; fileRef = 4D872D19261BCD4A0005FB5B /* VirtualObject.swift */; };
		4D872D21261D01190005FB5B /* plastic_side_chair.usdz in Resources */ = {isa = PBXBuildFile; fileRef = 4D872D1D261CEE6D0005FB5B /* plastic_side_chair.usdz */; };
		4D8A2E24261FB85600CC4436 /* CompositionsView.swift in Sources */ = {isa = PBXBuildFile; fileRef = 4D8A2E23261FB85600CC4436 /* CompositionsView.swift */; };
		4DA83A9126237AC4004773F1 /* Colour.swift in Sources */ = {isa = PBXBuildFile; fileRef = 4DA83A9026237AC4004773F1 /* Colour.swift */; };
		4DB05C2B2628A0DA0062ED94 /* LightComponent.swift in Sources */ = {isa = PBXBuildFile; fileRef = 4DB05C2A2628A0DA0062ED94 /* LightComponent.swift */; };
		4DB05C2E2628BC310062ED94 /* Assets.swift in Sources */ = {isa = PBXBuildFile; fileRef = 4DB05C2D2628BC310062ED94 /* Assets.swift */; };
		4DE9DE5526121E4C0082AD9B /* AppDelegate.swift in Sources */ = {isa = PBXBuildFile; fileRef = 4DE9DE5426121E4C0082AD9B /* AppDelegate.swift */; };
		4DE9DE5726121E4C0082AD9B /* ContentView.swift in Sources */ = {isa = PBXBuildFile; fileRef = 4DE9DE5626121E4C0082AD9B /* ContentView.swift */; };
		4DE9DE5926121E4C0082AD9B /* Experience.rcproject in Sources */ = {isa = PBXBuildFile; fileRef = 4DE9DE5826121E4C0082AD9B /* Experience.rcproject */; };
		4DE9DE5B26121E510082AD9B /* Assets.xcassets in Resources */ = {isa = PBXBuildFile; fileRef = 4DE9DE5A26121E510082AD9B /* Assets.xcassets */; };
		4DE9DE5E26121E510082AD9B /* Preview Assets.xcassets in Resources */ = {isa = PBXBuildFile; fileRef = 4DE9DE5D26121E510082AD9B /* Preview Assets.xcassets */; };
		4DF2D8832620C01200F1252B /* simd_float4x4.swift in Sources */ = {isa = PBXBuildFile; fileRef = 4DF2D8822620C01200F1252B /* simd_float4x4.swift */; };
		4DF2D8882621377500F1252B /* ARViewContainer.swift in Sources */ = {isa = PBXBuildFile; fileRef = 4DF2D8872621377500F1252B /* ARViewContainer.swift */; };
		4DF2D8972623681400F1252B /* Swatch.swift in Sources */ = {isa = PBXBuildFile; fileRef = 4DF2D8962623681400F1252B /* Swatch.swift */; };
		4DF4EAE0261B168E0041281B /* VirtualObjectEntity.swift in Sources */ = {isa = PBXBuildFile; fileRef = 4DF4EADF261B168E0041281B /* VirtualObjectEntity.swift */; };
/* End PBXBuildFile section */

/* Begin PBXFileReference section */
		4D43C8F026142C3600D2AF71 /* Launch Screen.storyboard */ = {isa = PBXFileReference; lastKnownFileType = file.storyboard; path = "Launch Screen.storyboard"; sourceTree = "<group>"; };
		4D6E11B92623B53B0023AC87 /* SwatchPicker.swift */ = {isa = PBXFileReference; lastKnownFileType = sourcecode.swift; path = SwatchPicker.swift; sourceTree = "<group>"; };
		4D872D19261BCD4A0005FB5B /* VirtualObject.swift */ = {isa = PBXFileReference; lastKnownFileType = sourcecode.swift; path = VirtualObject.swift; sourceTree = "<group>"; };
		4D872D1D261CEE6D0005FB5B /* plastic_side_chair.usdz */ = {isa = PBXFileReference; lastKnownFileType = file.usdz; path = plastic_side_chair.usdz; sourceTree = "<group>"; };
		4D8A2E23261FB85600CC4436 /* CompositionsView.swift */ = {isa = PBXFileReference; lastKnownFileType = sourcecode.swift; path = CompositionsView.swift; sourceTree = "<group>"; };
		4DA83A9026237AC4004773F1 /* Colour.swift */ = {isa = PBXFileReference; lastKnownFileType = sourcecode.swift; path = Colour.swift; sourceTree = "<group>"; };
		4DB05C2A2628A0DA0062ED94 /* LightComponent.swift */ = {isa = PBXFileReference; lastKnownFileType = sourcecode.swift; path = LightComponent.swift; sourceTree = "<group>"; };
		4DB05C2D2628BC310062ED94 /* Assets.swift */ = {isa = PBXFileReference; lastKnownFileType = sourcecode.swift; path = Assets.swift; sourceTree = "<group>"; };
		4DE9DE5126121E4C0082AD9B /* APlace.app */ = {isa = PBXFileReference; explicitFileType = wrapper.application; includeInIndex = 0; path = APlace.app; sourceTree = BUILT_PRODUCTS_DIR; };
		4DE9DE5426121E4C0082AD9B /* AppDelegate.swift */ = {isa = PBXFileReference; lastKnownFileType = sourcecode.swift; path = AppDelegate.swift; sourceTree = "<group>"; };
		4DE9DE5626121E4C0082AD9B /* ContentView.swift */ = {isa = PBXFileReference; lastKnownFileType = sourcecode.swift; path = ContentView.swift; sourceTree = "<group>"; };
		4DE9DE5826121E4C0082AD9B /* Experience.rcproject */ = {isa = PBXFileReference; lastKnownFileType = file.rcproject; path = Experience.rcproject; sourceTree = "<group>"; };
		4DE9DE5A26121E510082AD9B /* Assets.xcassets */ = {isa = PBXFileReference; lastKnownFileType = folder.assetcatalog; path = Assets.xcassets; sourceTree = "<group>"; };
		4DE9DE5D26121E510082AD9B /* Preview Assets.xcassets */ = {isa = PBXFileReference; lastKnownFileType = folder.assetcatalog; path = "Preview Assets.xcassets"; sourceTree = "<group>"; };
		4DE9DE5F26121E510082AD9B /* Info.plist */ = {isa = PBXFileReference; lastKnownFileType = text.plist.xml; path = Info.plist; sourceTree = "<group>"; };
		4DF2D8822620C01200F1252B /* simd_float4x4.swift */ = {isa = PBXFileReference; lastKnownFileType = sourcecode.swift; path = simd_float4x4.swift; sourceTree = "<group>"; };
		4DF2D8872621377500F1252B /* ARViewContainer.swift */ = {isa = PBXFileReference; lastKnownFileType = sourcecode.swift; path = ARViewContainer.swift; sourceTree = "<group>"; };
		4DF2D8962623681400F1252B /* Swatch.swift */ = {isa = PBXFileReference; lastKnownFileType = sourcecode.swift; path = Swatch.swift; sourceTree = "<group>"; };
		4DF4EADF261B168E0041281B /* VirtualObjectEntity.swift */ = {isa = PBXFileReference; lastKnownFileType = sourcecode.swift; path = VirtualObjectEntity.swift; sourceTree = "<group>"; };
/* End PBXFileReference section */

/* Begin PBXFrameworksBuildPhase section */
		4DE9DE4E26121E4C0082AD9B /* Frameworks */ = {
			isa = PBXFrameworksBuildPhase;
			buildActionMask = 2147483647;
			files = (
			);
			runOnlyForDeploymentPostprocessing = 0;
		};
/* End PBXFrameworksBuildPhase section */

/* Begin PBXGroup section */
		4D49CF372624774D00B2C9A3 /* UI */ = {
			isa = PBXGroup;
			children = (
				4DE9DE5626121E4C0082AD9B /* ContentView.swift */,
				4D8A2E23261FB85600CC4436 /* CompositionsView.swift */,
				4DF2D89426231AEA00F1252B /* Controls */,
			);
			path = UI;
			sourceTree = "<group>";
		};
		4D872D15261B7EAD0005FB5B /* Resource */ = {
			isa = PBXGroup;
			children = (
				4D872D19261BCD4A0005FB5B /* VirtualObject.swift */,
				4DE9DE5826121E4C0082AD9B /* Experience.rcproject */,
				4D872D1C261CEE5D0005FB5B /* Assets */,
			);
			path = Resource;
			sourceTree = "<group>";
		};
		4D872D1C261CEE5D0005FB5B /* Assets */ = {
			isa = PBXGroup;
			children = (
				4DE9DE5A26121E510082AD9B /* Assets.xcassets */,
				4D872D1D261CEE6D0005FB5B /* plastic_side_chair.usdz */,
				4DB05C2D2628BC310062ED94 /* Assets.swift */,
			);
			path = Assets;
			sourceTree = "<group>";
		};
		4DB05C2926289DEF0062ED94 /* Components */ = {
			isa = PBXGroup;
			children = (
				4DB05C2A2628A0DA0062ED94 /* LightComponent.swift */,
			);
			path = Components;
			sourceTree = "<group>";
		};
		4DE9DE4826121E4C0082AD9B = {
			isa = PBXGroup;
			children = (
				4DE9DE5326121E4C0082AD9B /* APlace */,
				4DE9DE5226121E4C0082AD9B /* Products */,
			);
			sourceTree = "<group>";
		};
		4DE9DE5226121E4C0082AD9B /* Products */ = {
			isa = PBXGroup;
			children = (
				4DE9DE5126121E4C0082AD9B /* APlace.app */,
			);
			name = Products;
			sourceTree = "<group>";
		};
		4DE9DE5326121E4C0082AD9B /* APlace */ = {
			isa = PBXGroup;
			children = (
				4D872D15261B7EAD0005FB5B /* Resource */,
				4DB05C2926289DEF0062ED94 /* Components */,
				4DF4EADE261B16740041281B /* Entities */,
				4D49CF372624774D00B2C9A3 /* UI */,
				4DF2D8872621377500F1252B /* ARViewContainer.swift */,
				4DE9DE5426121E4C0082AD9B /* AppDelegate.swift */,
				4DF2D8812620BFE000F1252B /* Extensions */,
				4DE9DE5F26121E510082AD9B /* Info.plist */,
				4DE9DE5C26121E510082AD9B /* Preview Content */,
				4D43C8F026142C3600D2AF71 /* Launch Screen.storyboard */,
			);
			path = APlace;
			sourceTree = "<group>";
		};
		4DE9DE5C26121E510082AD9B /* Preview Content */ = {
			isa = PBXGroup;
			children = (
				4DE9DE5D26121E510082AD9B /* Preview Assets.xcassets */,
			);
			path = "Preview Content";
			sourceTree = "<group>";
		};
		4DF2D8812620BFE000F1252B /* Extensions */ = {
			isa = PBXGroup;
			children = (
				4DF2D8822620C01200F1252B /* simd_float4x4.swift */,
			);
			path = Extensions;
			sourceTree = "<group>";
		};
		4DF2D89426231AEA00F1252B /* Controls */ = {
			isa = PBXGroup;
			children = (
				4DF2D8962623681400F1252B /* Swatch.swift */,
				4DA83A9026237AC4004773F1 /* Colour.swift */,
				4D6E11B92623B53B0023AC87 /* SwatchPicker.swift */,
			);
			path = Controls;
			sourceTree = "<group>";
		};
		4DF4EADE261B16740041281B /* Entities */ = {
			isa = PBXGroup;
			children = (
				4DF4EADF261B168E0041281B /* VirtualObjectEntity.swift */,
			);
			path = Entities;
			sourceTree = "<group>";
		};
/* End PBXGroup section */

/* Begin PBXNativeTarget section */
		4DE9DE5026121E4C0082AD9B /* APlace */ = {
			isa = PBXNativeTarget;
			buildConfigurationList = 4DE9DE6226121E510082AD9B /* Build configuration list for PBXNativeTarget "APlace" */;
			buildPhases = (
				4DE9DE4D26121E4C0082AD9B /* Sources */,
				4DE9DE4E26121E4C0082AD9B /* Frameworks */,
				4DE9DE4F26121E4C0082AD9B /* Resources */,
			);
			buildRules = (
			);
			dependencies = (
			);
			name = APlace;
			productName = APlace;
			productReference = 4DE9DE5126121E4C0082AD9B /* APlace.app */;
			productType = "com.apple.product-type.application";
		};
/* End PBXNativeTarget section */

/* Begin PBXProject section */
		4DE9DE4926121E4C0082AD9B /* Project object */ = {
			isa = PBXProject;
			attributes = {
				LastSwiftUpdateCheck = 1240;
				LastUpgradeCheck = 1240;
				TargetAttributes = {
					4DE9DE5026121E4C0082AD9B = {
						CreatedOnToolsVersion = 12.4;
					};
				};
			};
			buildConfigurationList = 4DE9DE4C26121E4C0082AD9B /* Build configuration list for PBXProject "APlace" */;
			compatibilityVersion = "Xcode 9.3";
			developmentRegion = en;
			hasScannedForEncodings = 0;
			knownRegions = (
				en,
				Base,
			);
			mainGroup = 4DE9DE4826121E4C0082AD9B;
			productRefGroup = 4DE9DE5226121E4C0082AD9B /* Products */;
			projectDirPath = "";
			projectRoot = "";
			targets = (
				4DE9DE5026121E4C0082AD9B /* APlace */,
			);
		};
/* End PBXProject section */

/* Begin PBXResourcesBuildPhase section */
		4DE9DE4F26121E4C0082AD9B /* Resources */ = {
			isa = PBXResourcesBuildPhase;
			buildActionMask = 2147483647;
			files = (
				4D43C8F126142C3600D2AF71 /* Launch Screen.storyboard in Resources */,
				4D872D21261D01190005FB5B /* plastic_side_chair.usdz in Resources */,
				4DE9DE5E26121E510082AD9B /* Preview Assets.xcassets in Resources */,
				4DE9DE5B26121E510082AD9B /* Assets.xcassets in Resources */,
			);
			runOnlyForDeploymentPostprocessing = 0;
		};
/* End PBXResourcesBuildPhase section */

/* Begin PBXSourcesBuildPhase section */
		4DE9DE4D26121E4C0082AD9B /* Sources */ = {
			isa = PBXSourcesBuildPhase;
			buildActionMask = 2147483647;
			files = (
				4D872D1A261BCD4A0005FB5B /* VirtualObject.swift in Sources */,
				4DF2D8882621377500F1252B /* ARViewContainer.swift in Sources */,
				4D8A2E24261FB85600CC4436 /* CompositionsView.swift in Sources */,
				4D6E11BA2623B53B0023AC87 /* SwatchPicker.swift in Sources */,
				4DE9DE5726121E4C0082AD9B /* ContentView.swift in Sources */,
				4DB05C2B2628A0DA0062ED94 /* LightComponent.swift in Sources */,
				4DE9DE5526121E4C0082AD9B /* AppDelegate.swift in Sources */,
				4DA83A9126237AC4004773F1 /* Colour.swift in Sources */,
				4DB05C2E2628BC310062ED94 /* Assets.swift in Sources */,
				4DE9DE5926121E4C0082AD9B /* Experience.rcproject in Sources */,
				4DF2D8832620C01200F1252B /* simd_float4x4.swift in Sources */,
				4DF4EAE0261B168E0041281B /* VirtualObjectEntity.swift in Sources */,
				4DF2D8972623681400F1252B /* Swatch.swift in Sources */,
			);
			runOnlyForDeploymentPostprocessing = 0;
		};
/* End PBXSourcesBuildPhase section */

/* Begin XCBuildConfiguration section */
		4DE9DE6026121E510082AD9B /* Debug */ = {
			isa = XCBuildConfiguration;
			buildSettings = {
				ALWAYS_SEARCH_USER_PATHS = NO;
				CLANG_ANALYZER_NONNULL = YES;
				CLANG_ANALYZER_NUMBER_OBJECT_CONVERSION = YES_AGGRESSIVE;
				CLANG_CXX_LANGUAGE_STANDARD = "gnu++14";
				CLANG_CXX_LIBRARY = "libc++";
				CLANG_ENABLE_MODULES = YES;
				CLANG_ENABLE_OBJC_ARC = YES;
				CLANG_ENABLE_OBJC_WEAK = YES;
				CLANG_WARN_BLOCK_CAPTURE_AUTORELEASING = YES;
				CLANG_WARN_BOOL_CONVERSION = YES;
				CLANG_WARN_COMMA = YES;
				CLANG_WARN_CONSTANT_CONVERSION = YES;
				CLANG_WARN_DEPRECATED_OBJC_IMPLEMENTATIONS = YES;
				CLANG_WARN_DIRECT_OBJC_ISA_USAGE = YES_ERROR;
				CLANG_WARN_DOCUMENTATION_COMMENTS = YES;
				CLANG_WARN_EMPTY_BODY = YES;
				CLANG_WARN_ENUM_CONVERSION = YES;
				CLANG_WARN_INFINITE_RECURSION = YES;
				CLANG_WARN_INT_CONVERSION = YES;
				CLANG_WARN_NON_LITERAL_NULL_CONVERSION = YES;
				CLANG_WARN_OBJC_IMPLICIT_RETAIN_SELF = YES;
				CLANG_WARN_OBJC_LITERAL_CONVERSION = YES;
				CLANG_WARN_OBJC_ROOT_CLASS = YES_ERROR;
				CLANG_WARN_QUOTED_INCLUDE_IN_FRAMEWORK_HEADER = YES;
				CLANG_WARN_RANGE_LOOP_ANALYSIS = YES;
				CLANG_WARN_STRICT_PROTOTYPES = YES;
				CLANG_WARN_SUSPICIOUS_MOVE = YES;
				CLANG_WARN_UNGUARDED_AVAILABILITY = YES_AGGRESSIVE;
				CLANG_WARN_UNREACHABLE_CODE = YES;
				CLANG_WARN__DUPLICATE_METHOD_MATCH = YES;
				COPY_PHASE_STRIP = NO;
				DEBUG_INFORMATION_FORMAT = dwarf;
				ENABLE_STRICT_OBJC_MSGSEND = YES;
				ENABLE_TESTABILITY = YES;
				GCC_C_LANGUAGE_STANDARD = gnu11;
				GCC_DYNAMIC_NO_PIC = NO;
				GCC_NO_COMMON_BLOCKS = YES;
				GCC_OPTIMIZATION_LEVEL = 0;
				GCC_PREPROCESSOR_DEFINITIONS = (
					"DEBUG=1",
					"$(inherited)",
				);
				GCC_WARN_64_TO_32_BIT_CONVERSION = YES;
				GCC_WARN_ABOUT_RETURN_TYPE = YES_ERROR;
				GCC_WARN_UNDECLARED_SELECTOR = YES;
				GCC_WARN_UNINITIALIZED_AUTOS = YES_AGGRESSIVE;
				GCC_WARN_UNUSED_FUNCTION = YES;
				GCC_WARN_UNUSED_VARIABLE = YES;
				IPHONEOS_DEPLOYMENT_TARGET = 14.4;
				MTL_ENABLE_DEBUG_INFO = INCLUDE_SOURCE;
				MTL_FAST_MATH = YES;
				ONLY_ACTIVE_ARCH = YES;
				SDKROOT = iphoneos;
				SWIFT_ACTIVE_COMPILATION_CONDITIONS = DEBUG;
				SWIFT_OPTIMIZATION_LEVEL = "-Onone";
			};
			name = Debug;
		};
		4DE9DE6126121E510082AD9B /* Release */ = {
			isa = XCBuildConfiguration;
			buildSettings = {
				ALWAYS_SEARCH_USER_PATHS = NO;
				CLANG_ANALYZER_NONNULL = YES;
				CLANG_ANALYZER_NUMBER_OBJECT_CONVERSION = YES_AGGRESSIVE;
				CLANG_CXX_LANGUAGE_STANDARD = "gnu++14";
				CLANG_CXX_LIBRARY = "libc++";
				CLANG_ENABLE_MODULES = YES;
				CLANG_ENABLE_OBJC_ARC = YES;
				CLANG_ENABLE_OBJC_WEAK = YES;
				CLANG_WARN_BLOCK_CAPTURE_AUTORELEASING = YES;
				CLANG_WARN_BOOL_CONVERSION = YES;
				CLANG_WARN_COMMA = YES;
				CLANG_WARN_CONSTANT_CONVERSION = YES;
				CLANG_WARN_DEPRECATED_OBJC_IMPLEMENTATIONS = YES;
				CLANG_WARN_DIRECT_OBJC_ISA_USAGE = YES_ERROR;
				CLANG_WARN_DOCUMENTATION_COMMENTS = YES;
				CLANG_WARN_EMPTY_BODY = YES;
				CLANG_WARN_ENUM_CONVERSION = YES;
				CLANG_WARN_INFINITE_RECURSION = YES;
				CLANG_WARN_INT_CONVERSION = YES;
				CLANG_WARN_NON_LITERAL_NULL_CONVERSION = YES;
				CLANG_WARN_OBJC_IMPLICIT_RETAIN_SELF = YES;
				CLANG_WARN_OBJC_LITERAL_CONVERSION = YES;
				CLANG_WARN_OBJC_ROOT_CLASS = YES_ERROR;
				CLANG_WARN_QUOTED_INCLUDE_IN_FRAMEWORK_HEADER = YES;
				CLANG_WARN_RANGE_LOOP_ANALYSIS = YES;
				CLANG_WARN_STRICT_PROTOTYPES = YES;
				CLANG_WARN_SUSPICIOUS_MOVE = YES;
				CLANG_WARN_UNGUARDED_AVAILABILITY = YES_AGGRESSIVE;
				CLANG_WARN_UNREACHABLE_CODE = YES;
				CLANG_WARN__DUPLICATE_METHOD_MATCH = YES;
				COPY_PHASE_STRIP = NO;
				DEBUG_INFORMATION_FORMAT = "dwarf-with-dsym";
				ENABLE_NS_ASSERTIONS = NO;
				ENABLE_STRICT_OBJC_MSGSEND = YES;
				GCC_C_LANGUAGE_STANDARD = gnu11;
				GCC_NO_COMMON_BLOCKS = YES;
				GCC_WARN_64_TO_32_BIT_CONVERSION = YES;
				GCC_WARN_ABOUT_RETURN_TYPE = YES_ERROR;
				GCC_WARN_UNDECLARED_SELECTOR = YES;
				GCC_WARN_UNINITIALIZED_AUTOS = YES_AGGRESSIVE;
				GCC_WARN_UNUSED_FUNCTION = YES;
				GCC_WARN_UNUSED_VARIABLE = YES;
				IPHONEOS_DEPLOYMENT_TARGET = 14.4;
				MTL_ENABLE_DEBUG_INFO = NO;
				MTL_FAST_MATH = YES;
				SDKROOT = iphoneos;
				SWIFT_COMPILATION_MODE = wholemodule;
				SWIFT_OPTIMIZATION_LEVEL = "-O";
				VALIDATE_PRODUCT = YES;
			};
			name = Release;
		};
		4DE9DE6326121E510082AD9B /* Debug */ = {
			isa = XCBuildConfiguration;
			buildSettings = {
				ASSETCATALOG_COMPILER_APPICON_NAME = AppIcon;
				ASSETCATALOG_COMPILER_GLOBAL_ACCENT_COLOR_NAME = AccentColor;
				CODE_SIGN_STYLE = Automatic;
				DEVELOPMENT_ASSET_PATHS = "\"APlace/Preview Content\"";
				DEVELOPMENT_TEAM = 2UNH9XNGLP;
				ENABLE_PREVIEWS = YES;
				INFOPLIST_FILE = APlace/Info.plist;
				LD_RUNPATH_SEARCH_PATHS = (
					"$(inherited)",
					"@executable_path/Frameworks",
				);
				PRODUCT_BUNDLE_IDENTIFIER = me.human.aplace;
				PRODUCT_NAME = "$(TARGET_NAME)";
				SWIFT_VERSION = 5.0;
				TARGETED_DEVICE_FAMILY = "1,2";
			};
			name = Debug;
		};
		4DE9DE6426121E510082AD9B /* Release */ = {
			isa = XCBuildConfiguration;
			buildSettings = {
				ASSETCATALOG_COMPILER_APPICON_NAME = AppIcon;
				ASSETCATALOG_COMPILER_GLOBAL_ACCENT_COLOR_NAME = AccentColor;
				CODE_SIGN_STYLE = Automatic;
				DEVELOPMENT_ASSET_PATHS = "\"APlace/Preview Content\"";
				DEVELOPMENT_TEAM = 2UNH9XNGLP;
				ENABLE_PREVIEWS = YES;
				INFOPLIST_FILE = APlace/Info.plist;
				LD_RUNPATH_SEARCH_PATHS = (
					"$(inherited)",
					"@executable_path/Frameworks",
				);
				PRODUCT_BUNDLE_IDENTIFIER = me.human.aplace;
				PRODUCT_NAME = "$(TARGET_NAME)";
				SWIFT_VERSION = 5.0;
				TARGETED_DEVICE_FAMILY = "1,2";
			};
			name = Release;
		};
/* End XCBuildConfiguration section */

/* Begin XCConfigurationList section */
		4DE9DE4C26121E4C0082AD9B /* Build configuration list for PBXProject "APlace" */ = {
			isa = XCConfigurationList;
			buildConfigurations = (
				4DE9DE6026121E510082AD9B /* Debug */,
				4DE9DE6126121E510082AD9B /* Release */,
			);
			defaultConfigurationIsVisible = 0;
			defaultConfigurationName = Release;
		};
		4DE9DE6226121E510082AD9B /* Build configuration list for PBXNativeTarget "APlace" */ = {
			isa = XCConfigurationList;
			buildConfigurations = (
				4DE9DE6326121E510082AD9B /* Debug */,
				4DE9DE6426121E510082AD9B /* Release */,
			);
			defaultConfigurationIsVisible = 0;
			defaultConfigurationName = Release;
		};
/* End XCConfigurationList section */
	};
	rootObject = 4DE9DE4926121E4C0082AD9B /* Project object */;
}
